
Microsoft Visual Studio Solution File, Format Version 11.00
# Visual Studio 2010
Project("{FAE04EC0-301F-11D3-BF4B-00C04F79EFBC}") = "deadman", "Assembly-CSharp.csproj", "{D6868F5B-AAEC-7A55-E180-AB3C4989B1F5}"
EndProject
Project("{FAE04EC0-301F-11D3-BF4B-00C04F79EFBC}") = "deadman", "Assembly-CSharp-Editor.csproj", "{F2BC3222-855C-29BB-3B76-F344E59C36B6}"
EndProject
Global
	GlobalSection(SolutionConfigurationPlatforms) = preSolution
		Debug|Any CPU = Debug|Any CPU
		Release|Any CPU = Release|Any CPU
	EndGlobalSection
	GlobalSection(ProjectConfigurationPlatforms) = postSolution
		{D6868F5B-AAEC-7A55-E180-AB3C4989B1F5}.Debug|Any CPU.ActiveCfg = Debug|Any CPU
		{D6868F5B-AAEC-7A55-E180-AB3C4989B1F5}.Debug|Any CPU.Build.0 = Debug|Any CPU
		{D6868F5B-AAEC-7A55-E180-AB3C4989B1F5}.Release|Any CPU.ActiveCfg = Release|Any CPU
		{D6868F5B-AAEC-7A55-E180-AB3C4989B1F5}.Release|Any CPU.Build.0 = Release|Any CPU
		{F2BC3222-855C-29BB-3B76-F344E59C36B6}.Debug|Any CPU.ActiveCfg = Debug|Any CPU
		{F2BC3222-855C-29BB-3B76-F344E59C36B6}.Debug|Any CPU.Build.0 = Debug|Any CPU
		{F2BC3222-855C-29BB-3B76-F344E59C36B6}.Release|Any CPU.ActiveCfg = Release|Any CPU
		{F2BC3222-855C-29BB-3B76-F344E59C36B6}.Release|Any CPU.Build.0 = Release|Any CPU
	EndGlobalSection
	GlobalSection(SolutionProperties) = preSolution
		HideSolutionNode = FALSE
	EndGlobalSection
	GlobalSection(MonoDevelopProperties) = preSolution
		StartupItem = Assembly-CSharp.csproj
	EndGlobalSection
EndGlobal
